
Microsoft Visual Studio Solution File, Format Version 12.00
# Visual Studio Version 16
VisualStudioVersion = 16.0.810.21
MinimumVisualStudioVersion = 10.0.40219.1
Project("{FAE04EC0-301F-11D3-BF4B-00C04F79EFBC}") = "Badetidssystem", "Badetidssystem\Badetidssystem.csproj", "{0CD08B30-4536-4CD1-9050-4926C3BFFADE}"
EndProject
Global
	GlobalSection(SolutionConfigurationPlatforms) = preSolution
		Debug|Any CPU = Debug|Any CPU
		Release|Any CPU = Release|Any CPU
	EndGlobalSection
	GlobalSection(ProjectConfigurationPlatforms) = postSolution
		{0CD08B30-4536-4CD1-9050-4926C3BFFADE}.Debug|Any CPU.ActiveCfg = Debug|Any CPU
		{0CD08B30-4536-4CD1-9050-4926C3BFFADE}.Debug|Any CPU.Build.0 = Debug|Any CPU
		{0CD08B30-4536-4CD1-9050-4926C3BFFADE}.Release|Any CPU.ActiveCfg = Release|Any CPU
		{0CD08B30-4536-4CD1-9050-4926C3BFFADE}.Release|Any CPU.Build.0 = Release|Any CPU
	EndGlobalSection
	GlobalSection(SolutionProperties) = preSolution
		HideSolutionNode = FALSE
	EndGlobalSection
	GlobalSection(ExtensibilityGlobals) = postSolution
		SolutionGuid = {924B98CB-5B19-4737-B9E3-11668E7BE52B}
	EndGlobalSection
EndGlobal
